
Microsoft Visual Studio Solution File, Format Version 12.00
# Visual Studio Version 16
VisualStudioVersion = 16.0.30114.105
MinimumVisualStudioVersion = 10.0.40219.1
Project("{2150E333-8FDC-42A3-9474-1A3956D46DE8}") = "src", "src", "{3B9EDB84-68AC-4FC1-B020-F7F5AF5F3AFA}"
EndProject
Project("{FAE04EC0-301F-11D3-BF4B-00C04F79EFBC}") = "FeedbackBot", "src\FeedbackBot\FeedbackBot.csproj", "{B232FF92-9D2F-45E7-91AD-3824A59F3F6C}"
EndProject
Global
	GlobalSection(SolutionConfigurationPlatforms) = preSolution
		Debug|Any CPU = Debug|Any CPU
		Release|Any CPU = Release|Any CPU
	EndGlobalSection
	GlobalSection(SolutionProperties) = preSolution
		HideSolutionNode = FALSE
	EndGlobalSection
	GlobalSection(ProjectConfigurationPlatforms) = postSolution
		{B232FF92-9D2F-45E7-91AD-3824A59F3F6C}.Debug|Any CPU.ActiveCfg = Debug|Any CPU
		{B232FF92-9D2F-45E7-91AD-3824A59F3F6C}.Debug|Any CPU.Build.0 = Debug|Any CPU
		{B232FF92-9D2F-45E7-91AD-3824A59F3F6C}.Release|Any CPU.ActiveCfg = Release|Any CPU
		{B232FF92-9D2F-45E7-91AD-3824A59F3F6C}.Release|Any CPU.Build.0 = Release|Any CPU
	EndGlobalSection
	GlobalSection(NestedProjects) = preSolution
		{B232FF92-9D2F-45E7-91AD-3824A59F3F6C} = {3B9EDB84-68AC-4FC1-B020-F7F5AF5F3AFA}
	EndGlobalSection
EndGlobal
